
Microsoft Visual Studio Solution File, Format Version 12.00
# Visual Studio Version 17
VisualStudioVersion = 17.6.33829.357
MinimumVisualStudioVersion = 10.0.40219.1
Project("{9A19103F-16F7-4668-BE54-9A1E7A4F7556}") = "WPFAShopMgt23", "WPFAShopMgt23.csproj", "{9EE51F74-2240-421E-A7DD-7A030D0BE1C9}"
EndProject
Project("{54435603-DBB4-11D2-8724-00A0C9A8B90C}") = "SetupWPFShop", "..\SetupWPFShop\SetupWPFShop.vdproj", "{E5BE635B-9858-4C74-86F3-C5F7BCEF6EB4}"
EndProject
Global
	GlobalSection(SolutionConfigurationPlatforms) = preSolution
		Debug|Any CPU = Debug|Any CPU
		Release|Any CPU = Release|Any CPU
	EndGlobalSection
	GlobalSection(ProjectConfigurationPlatforms) = postSolution
		{9EE51F74-2240-421E-A7DD-7A030D0BE1C9}.Debug|Any CPU.ActiveCfg = Debug|Any CPU
		{9EE51F74-2240-421E-A7DD-7A030D0BE1C9}.Debug|Any CPU.Build.0 = Debug|Any CPU
		{9EE51F74-2240-421E-A7DD-7A030D0BE1C9}.Release|Any CPU.ActiveCfg = Release|Any CPU
		{9EE51F74-2240-421E-A7DD-7A030D0BE1C9}.Release|Any CPU.Build.0 = Release|Any CPU
		{E5BE635B-9858-4C74-86F3-C5F7BCEF6EB4}.Debug|Any CPU.ActiveCfg = Debug
		{E5BE635B-9858-4C74-86F3-C5F7BCEF6EB4}.Release|Any CPU.ActiveCfg = Release
	EndGlobalSection
	GlobalSection(SolutionProperties) = preSolution
		HideSolutionNode = FALSE
	EndGlobalSection
	GlobalSection(ExtensibilityGlobals) = postSolution
		SolutionGuid = {245B7F16-C8DB-4C75-9858-FC3BA81BFEFB}
	EndGlobalSection
EndGlobal
